// !$*UTF8*$!
{
	archiveVersion = 1;
	classes = {
	};
	objectVersion = 56;
	objects = {

/* Begin PBXBuildFile section */
		B93E2E8B2C28036D00765935 /* RemoteImage.swift in Sources */ = {isa = PBXBuildFile; fileRef = B93E2E8A2C28036D00765935 /* RemoteImage.swift */; };
		B9721C572C2624E90054EF1F /* AppetizersApp.swift in Sources */ = {isa = PBXBuildFile; fileRef = B9721C562C2624E90054EF1F /* AppetizersApp.swift */; };
		B9721C592C2624E90054EF1F /* AppetizerTabView.swift in Sources */ = {isa = PBXBuildFile; fileRef = B9721C582C2624E90054EF1F /* AppetizerTabView.swift */; };
		B9721C5B2C2624EA0054EF1F /* Assets.xcassets in Resources */ = {isa = PBXBuildFile; fileRef = B9721C5A2C2624EA0054EF1F /* Assets.xcassets */; };
		B9721C5E2C2624EA0054EF1F /* Preview Assets.xcassets in Resources */ = {isa = PBXBuildFile; fileRef = B9721C5D2C2624EA0054EF1F /* Preview Assets.xcassets */; };
		B9721C652C2626450054EF1F /* AppetizerListView.swift in Sources */ = {isa = PBXBuildFile; fileRef = B9721C642C2626450054EF1F /* AppetizerListView.swift */; };
		B9721C672C26265A0054EF1F /* AccountView.swift in Sources */ = {isa = PBXBuildFile; fileRef = B9721C662C26265A0054EF1F /* AccountView.swift */; };
		B9721C692C2626630054EF1F /* OrderView.swift in Sources */ = {isa = PBXBuildFile; fileRef = B9721C682C2626630054EF1F /* OrderView.swift */; };
		B9721C6C2C2652680054EF1F /* Appetizer.swift in Sources */ = {isa = PBXBuildFile; fileRef = B9721C6B2C2652680054EF1F /* Appetizer.swift */; };
		B9721C6E2C265E6A0054EF1F /* AppetizerListCell.swift in Sources */ = {isa = PBXBuildFile; fileRef = B9721C6D2C265E6A0054EF1F /* AppetizerListCell.swift */; };
		B9721C702C2662D90054EF1F /* NetworkManager.swift in Sources */ = {isa = PBXBuildFile; fileRef = B9721C6F2C2662D90054EF1F /* NetworkManager.swift */; };
		B9721C722C2664400054EF1F /* APError.swift in Sources */ = {isa = PBXBuildFile; fileRef = B9721C712C2664400054EF1F /* APError.swift */; };
		B9721C742C2691530054EF1F /* AppetizerListViewModel.swift in Sources */ = {isa = PBXBuildFile; fileRef = B9721C732C2691530054EF1F /* AppetizerListViewModel.swift */; };
		B9721C762C269D500054EF1F /* Alert.swift in Sources */ = {isa = PBXBuildFile; fileRef = B9721C752C269D500054EF1F /* Alert.swift */; };
		B9721C782C27C9B80054EF1F /* LoadingView.swift in Sources */ = {isa = PBXBuildFile; fileRef = B9721C772C27C9B80054EF1F /* LoadingView.swift */; };
		B9BECE912C28A5FB00E993D0 /* AppetizerDetailView.swift in Sources */ = {isa = PBXBuildFile; fileRef = B9BECE902C28A5FB00E993D0 /* AppetizerDetailView.swift */; };
		B9BECE942C28B57D00E993D0 /* APButton.swift in Sources */ = {isa = PBXBuildFile; fileRef = B9BECE932C28B57D00E993D0 /* APButton.swift */; };
		B9BECE962C28B68500E993D0 /* XDismissButton.swift in Sources */ = {isa = PBXBuildFile; fileRef = B9BECE952C28B68500E993D0 /* XDismissButton.swift */; };
		B9BECE982C2A307200E993D0 /* AccountViewModel.swift in Sources */ = {isa = PBXBuildFile; fileRef = B9BECE972C2A307200E993D0 /* AccountViewModel.swift */; };
		B9BECE9A2C2A32FE00E993D0 /* String+Ext.swift in Sources */ = {isa = PBXBuildFile; fileRef = B9BECE992C2A32FE00E993D0 /* String+Ext.swift */; };
/* End PBXBuildFile section */

/* Begin PBXFileReference section */
		B93E2E8A2C28036D00765935 /* RemoteImage.swift */ = {isa = PBXFileReference; lastKnownFileType = sourcecode.swift; path = RemoteImage.swift; sourceTree = "<group>"; };
		B9721C532C2624E90054EF1F /* Appetizers.app */ = {isa = PBXFileReference; explicitFileType = wrapper.application; includeInIndex = 0; path = Appetizers.app; sourceTree = BUILT_PRODUCTS_DIR; };
		B9721C562C2624E90054EF1F /* AppetizersApp.swift */ = {isa = PBXFileReference; lastKnownFileType = sourcecode.swift; path = AppetizersApp.swift; sourceTree = "<group>"; };
		B9721C582C2624E90054EF1F /* AppetizerTabView.swift */ = {isa = PBXFileReference; lastKnownFileType = sourcecode.swift; path = AppetizerTabView.swift; sourceTree = "<group>"; };
		B9721C5A2C2624EA0054EF1F /* Assets.xcassets */ = {isa = PBXFileReference; lastKnownFileType = folder.assetcatalog; path = Assets.xcassets; sourceTree = "<group>"; };
		B9721C5D2C2624EA0054EF1F /* Preview Assets.xcassets */ = {isa = PBXFileReference; lastKnownFileType = folder.assetcatalog; path = "Preview Assets.xcassets"; sourceTree = "<group>"; };
		B9721C642C2626450054EF1F /* AppetizerListView.swift */ = {isa = PBXFileReference; lastKnownFileType = sourcecode.swift; path = AppetizerListView.swift; sourceTree = "<group>"; };
		B9721C662C26265A0054EF1F /* AccountView.swift */ = {isa = PBXFileReference; lastKnownFileType = sourcecode.swift; path = AccountView.swift; sourceTree = "<group>"; };
		B9721C682C2626630054EF1F /* OrderView.swift */ = {isa = PBXFileReference; lastKnownFileType = sourcecode.swift; path = OrderView.swift; sourceTree = "<group>"; };
		B9721C6B2C2652680054EF1F /* Appetizer.swift */ = {isa = PBXFileReference; lastKnownFileType = sourcecode.swift; path = Appetizer.swift; sourceTree = "<group>"; };
		B9721C6D2C265E6A0054EF1F /* AppetizerListCell.swift */ = {isa = PBXFileReference; lastKnownFileType = sourcecode.swift; path = AppetizerListCell.swift; sourceTree = "<group>"; };
		B9721C6F2C2662D90054EF1F /* NetworkManager.swift */ = {isa = PBXFileReference; lastKnownFileType = sourcecode.swift; path = NetworkManager.swift; sourceTree = "<group>"; };
		B9721C712C2664400054EF1F /* APError.swift */ = {isa = PBXFileReference; lastKnownFileType = sourcecode.swift; path = APError.swift; sourceTree = "<group>"; };
		B9721C732C2691530054EF1F /* AppetizerListViewModel.swift */ = {isa = PBXFileReference; lastKnownFileType = sourcecode.swift; path = AppetizerListViewModel.swift; sourceTree = "<group>"; };
		B9721C752C269D500054EF1F /* Alert.swift */ = {isa = PBXFileReference; lastKnownFileType = sourcecode.swift; path = Alert.swift; sourceTree = "<group>"; };
		B9721C772C27C9B80054EF1F /* LoadingView.swift */ = {isa = PBXFileReference; lastKnownFileType = sourcecode.swift; path = LoadingView.swift; sourceTree = "<group>"; };
		B9BECE902C28A5FB00E993D0 /* AppetizerDetailView.swift */ = {isa = PBXFileReference; lastKnownFileType = sourcecode.swift; path = AppetizerDetailView.swift; sourceTree = "<group>"; };
		B9BECE932C28B57D00E993D0 /* APButton.swift */ = {isa = PBXFileReference; lastKnownFileType = sourcecode.swift; path = APButton.swift; sourceTree = "<group>"; };
		B9BECE952C28B68500E993D0 /* XDismissButton.swift */ = {isa = PBXFileReference; lastKnownFileType = sourcecode.swift; path = XDismissButton.swift; sourceTree = "<group>"; };
		B9BECE972C2A307200E993D0 /* AccountViewModel.swift */ = {isa = PBXFileReference; lastKnownFileType = sourcecode.swift; path = AccountViewModel.swift; sourceTree = "<group>"; };
		B9BECE992C2A32FE00E993D0 /* String+Ext.swift */ = {isa = PBXFileReference; lastKnownFileType = sourcecode.swift; path = "String+Ext.swift"; sourceTree = "<group>"; };
/* End PBXFileReference section */

/* Begin PBXFrameworksBuildPhase section */
		B9721C502C2624E90054EF1F /* Frameworks */ = {
			isa = PBXFrameworksBuildPhase;
			buildActionMask = 2147483647;
			files = (
			);
			runOnlyForDeploymentPostprocessing = 0;
		};
/* End PBXFrameworksBuildPhase section */

/* Begin PBXGroup section */
		B93E2E8C2C280BB900765935 /* Screens */ = {
			isa = PBXGroup;
			children = (
				B9721C582C2624E90054EF1F /* AppetizerTabView.swift */,
				B93E2E8E2C280BD200765935 /* AccountView */,
				B93E2E8D2C280BC600765935 /* AppetizerListView */,
				B93E2E8F2C280BDA00765935 /* OrderView */,
			);
			path = Screens;
			sourceTree = "<group>";
		};
		B93E2E8D2C280BC600765935 /* AppetizerListView */ = {
			isa = PBXGroup;
			children = (
				B9721C732C2691530054EF1F /* AppetizerListViewModel.swift */,
				B9721C642C2626450054EF1F /* AppetizerListView.swift */,
				B9BECE902C28A5FB00E993D0 /* AppetizerDetailView.swift */,
			);
			path = AppetizerListView;
			sourceTree = "<group>";
		};
		B93E2E8E2C280BD200765935 /* AccountView */ = {
			isa = PBXGroup;
			children = (
				B9BECE972C2A307200E993D0 /* AccountViewModel.swift */,
				B9721C662C26265A0054EF1F /* AccountView.swift */,
			);
			path = AccountView;
			sourceTree = "<group>";
		};
		B93E2E8F2C280BDA00765935 /* OrderView */ = {
			isa = PBXGroup;
			children = (
				B9721C682C2626630054EF1F /* OrderView.swift */,
			);
			path = OrderView;
			sourceTree = "<group>";
		};
		B93E2E902C280C0A00765935 /* Utilities */ = {
			isa = PBXGroup;
			children = (
				B93E2E932C280C2900765935 /* Alerts */,
				B93E2E922C280C1A00765935 /* Extensions */,
				B93E2E912C280C1200765935 /* Managers */,
			);
			path = Utilities;
			sourceTree = "<group>";
		};
		B93E2E912C280C1200765935 /* Managers */ = {
			isa = PBXGroup;
			children = (
				B9721C6F2C2662D90054EF1F /* NetworkManager.swift */,
			);
			path = Managers;
			sourceTree = "<group>";
		};
		B93E2E922C280C1A00765935 /* Extensions */ = {
			isa = PBXGroup;
			children = (
				B9BECE992C2A32FE00E993D0 /* String+Ext.swift */,
			);
			path = Extensions;
			sourceTree = "<group>";
		};
		B93E2E932C280C2900765935 /* Alerts */ = {
			isa = PBXGroup;
			children = (
				B9721C712C2664400054EF1F /* APError.swift */,
				B9721C752C269D500054EF1F /* Alert.swift */,
			);
			path = Alerts;
			sourceTree = "<group>";
		};
		B93E2E942C280C4800765935 /* Model */ = {
			isa = PBXGroup;
			children = (
				B9721C6B2C2652680054EF1F /* Appetizer.swift */,
			);
			path = Model;
			sourceTree = "<group>";
		};
		B93E2E952C280C6C00765935 /* Views */ = {
			isa = PBXGroup;
			children = (
				B9BECE922C28B56200E993D0 /* Buttons */,
				B93E2E972C280C8200765935 /* Image */,
				B93E2E962C280C7D00765935 /* Cells */,
				B9721C772C27C9B80054EF1F /* LoadingView.swift */,
			);
			path = Views;
			sourceTree = "<group>";
		};
		B93E2E962C280C7D00765935 /* Cells */ = {
			isa = PBXGroup;
			children = (
				B9721C6D2C265E6A0054EF1F /* AppetizerListCell.swift */,
			);
			path = Cells;
			sourceTree = "<group>";
		};
		B93E2E972C280C8200765935 /* Image */ = {
			isa = PBXGroup;
			children = (
				B93E2E8A2C28036D00765935 /* RemoteImage.swift */,
			);
			path = Image;
			sourceTree = "<group>";
		};
		B9721C4A2C2624E90054EF1F = {
			isa = PBXGroup;
			children = (
				B9721C6A2C26273F0054EF1F /* Products */,
				B9721C552C2624E90054EF1F /* Appetizers */,
				B9721C542C2624E90054EF1F /* Products */,
			);
			sourceTree = "<group>";
		};
		B9721C542C2624E90054EF1F /* Products */ = {
			isa = PBXGroup;
			children = (
				B9721C532C2624E90054EF1F /* Appetizers.app */,
			);
			name = Products;
			sourceTree = "<group>";
		};
		B9721C552C2624E90054EF1F /* Appetizers */ = {
			isa = PBXGroup;
			children = (
				B93E2E942C280C4800765935 /* Model */,
				B93E2E902C280C0A00765935 /* Utilities */,
				B93E2E952C280C6C00765935 /* Views */,
				B93E2E8C2C280BB900765935 /* Screens */,
				B9721C562C2624E90054EF1F /* AppetizersApp.swift */,
				B9721C5A2C2624EA0054EF1F /* Assets.xcassets */,
				B9721C5C2C2624EA0054EF1F /* Preview Content */,
			);
			path = Appetizers;
			sourceTree = "<group>";
		};
		B9721C5C2C2624EA0054EF1F /* Preview Content */ = {
			isa = PBXGroup;
			children = (
				B9721C5D2C2624EA0054EF1F /* Preview Assets.xcassets */,
			);
			path = "Preview Content";
			sourceTree = "<group>";
		};
		B9721C6A2C26273F0054EF1F /* Products */ = {
			isa = PBXGroup;
			children = (
			);
			path = Products;
			sourceTree = "<group>";
		};
		B9BECE922C28B56200E993D0 /* Buttons */ = {
			isa = PBXGroup;
			children = (
				B9BECE932C28B57D00E993D0 /* APButton.swift */,
				B9BECE952C28B68500E993D0 /* XDismissButton.swift */,
			);
			path = Buttons;
			sourceTree = "<group>";
		};
/* End PBXGroup section */

/* Begin PBXNativeTarget section */
		B9721C522C2624E90054EF1F /* Appetizers */ = {
			isa = PBXNativeTarget;
			buildConfigurationList = B9721C612C2624EA0054EF1F /* Build configuration list for PBXNativeTarget "Appetizers" */;
			buildPhases = (
				B9721C4F2C2624E90054EF1F /* Sources */,
				B9721C502C2624E90054EF1F /* Frameworks */,
				B9721C512C2624E90054EF1F /* Resources */,
			);
			buildRules = (
			);
			dependencies = (
			);
			name = Appetizers;
			productName = Appetizers;
			productReference = B9721C532C2624E90054EF1F /* Appetizers.app */;
			productType = "com.apple.product-type.application";
		};
/* End PBXNativeTarget section */

/* Begin PBXProject section */
		B9721C4B2C2624E90054EF1F /* Project object */ = {
			isa = PBXProject;
			attributes = {
				BuildIndependentTargetsInParallel = 1;
				LastSwiftUpdateCheck = 1540;
				LastUpgradeCheck = 1540;
				TargetAttributes = {
					B9721C522C2624E90054EF1F = {
						CreatedOnToolsVersion = 15.4;
					};
				};
			};
			buildConfigurationList = B9721C4E2C2624E90054EF1F /* Build configuration list for PBXProject "Appetizers" */;
			compatibilityVersion = "Xcode 14.0";
			developmentRegion = en;
			hasScannedForEncodings = 0;
			knownRegions = (
				en,
				Base,
			);
			mainGroup = B9721C4A2C2624E90054EF1F;
			productRefGroup = B9721C542C2624E90054EF1F /* Products */;
			projectDirPath = "";
			projectRoot = "";
			targets = (
				B9721C522C2624E90054EF1F /* Appetizers */,
			);
		};
/* End PBXProject section */

/* Begin PBXResourcesBuildPhase section */
		B9721C512C2624E90054EF1F /* Resources */ = {
			isa = PBXResourcesBuildPhase;
			buildActionMask = 2147483647;
			files = (
				B9721C5E2C2624EA0054EF1F /* Preview Assets.xcassets in Resources */,
				B9721C5B2C2624EA0054EF1F /* Assets.xcassets in Resources */,
			);
			runOnlyForDeploymentPostprocessing = 0;
		};
/* End PBXResourcesBuildPhase section */

/* Begin PBXSourcesBuildPhase section */
		B9721C4F2C2624E90054EF1F /* Sources */ = {
			isa = PBXSourcesBuildPhase;
			buildActionMask = 2147483647;
			files = (
				B9BECE9A2C2A32FE00E993D0 /* String+Ext.swift in Sources */,
				B9721C6C2C2652680054EF1F /* Appetizer.swift in Sources */,
				B9721C722C2664400054EF1F /* APError.swift in Sources */,
				B9721C6E2C265E6A0054EF1F /* AppetizerListCell.swift in Sources */,
				B9BECE942C28B57D00E993D0 /* APButton.swift in Sources */,
				B9721C672C26265A0054EF1F /* AccountView.swift in Sources */,
				B9721C592C2624E90054EF1F /* AppetizerTabView.swift in Sources */,
				B9721C782C27C9B80054EF1F /* LoadingView.swift in Sources */,
				B93E2E8B2C28036D00765935 /* RemoteImage.swift in Sources */,
				B9721C702C2662D90054EF1F /* NetworkManager.swift in Sources */,
				B9BECE912C28A5FB00E993D0 /* AppetizerDetailView.swift in Sources */,
				B9721C572C2624E90054EF1F /* AppetizersApp.swift in Sources */,
				B9721C742C2691530054EF1F /* AppetizerListViewModel.swift in Sources */,
				B9721C762C269D500054EF1F /* Alert.swift in Sources */,
				B9721C652C2626450054EF1F /* AppetizerListView.swift in Sources */,
				B9721C692C2626630054EF1F /* OrderView.swift in Sources */,
				B9BECE982C2A307200E993D0 /* AccountViewModel.swift in Sources */,
				B9BECE962C28B68500E993D0 /* XDismissButton.swift in Sources */,
			);
			runOnlyForDeploymentPostprocessing = 0;
		};
/* End PBXSourcesBuildPhase section */

/* Begin XCBuildConfiguration section */
		B9721C5F2C2624EA0054EF1F /* Debug */ = {
			isa = XCBuildConfiguration;
			buildSettings = {
				ALWAYS_SEARCH_USER_PATHS = NO;
				ASSETCATALOG_COMPILER_GENERATE_SWIFT_ASSET_SYMBOL_EXTENSIONS = YES;
				CLANG_ANALYZER_NONNULL = YES;
				CLANG_ANALYZER_NUMBER_OBJECT_CONVERSION = YES_AGGRESSIVE;
				CLANG_CXX_LANGUAGE_STANDARD = "gnu++20";
				CLANG_ENABLE_MODULES = YES;
				CLANG_ENABLE_OBJC_ARC = YES;
				CLANG_ENABLE_OBJC_WEAK = YES;
				CLANG_WARN_BLOCK_CAPTURE_AUTORELEASING = YES;
				CLANG_WARN_BOOL_CONVERSION = YES;
				CLANG_WARN_COMMA = YES;
				CLANG_WARN_CONSTANT_CONVERSION = YES;
				CLANG_WARN_DEPRECATED_OBJC_IMPLEMENTATIONS = YES;
				CLANG_WARN_DIRECT_OBJC_ISA_USAGE = YES_ERROR;
				CLANG_WARN_DOCUMENTATION_COMMENTS = YES;
				CLANG_WARN_EMPTY_BODY = YES;
				CLANG_WARN_ENUM_CONVERSION = YES;
				CLANG_WARN_INFINITE_RECURSION = YES;
				CLANG_WARN_INT_CONVERSION = YES;
				CLANG_WARN_NON_LITERAL_NULL_CONVERSION = YES;
				CLANG_WARN_OBJC_IMPLICIT_RETAIN_SELF = YES;
				CLANG_WARN_OBJC_LITERAL_CONVERSION = YES;
				CLANG_WARN_OBJC_ROOT_CLASS = YES_ERROR;
				CLANG_WARN_QUOTED_INCLUDE_IN_FRAMEWORK_HEADER = YES;
				CLANG_WARN_RANGE_LOOP_ANALYSIS = YES;
				CLANG_WARN_STRICT_PROTOTYPES = YES;
				CLANG_WARN_SUSPICIOUS_MOVE = YES;
				CLANG_WARN_UNGUARDED_AVAILABILITY = YES_AGGRESSIVE;
				CLANG_WARN_UNREACHABLE_CODE = YES;
				CLANG_WARN__DUPLICATE_METHOD_MATCH = YES;
				COPY_PHASE_STRIP = NO;
				DEBUG_INFORMATION_FORMAT = dwarf;
				ENABLE_STRICT_OBJC_MSGSEND = YES;
				ENABLE_TESTABILITY = YES;
				ENABLE_USER_SCRIPT_SANDBOXING = YES;
				GCC_C_LANGUAGE_STANDARD = gnu17;
				GCC_DYNAMIC_NO_PIC = NO;
				GCC_NO_COMMON_BLOCKS = YES;
				GCC_OPTIMIZATION_LEVEL = 0;
				GCC_PREPROCESSOR_DEFINITIONS = (
					"DEBUG=1",
					"$(inherited)",
				);
				GCC_WARN_64_TO_32_BIT_CONVERSION = YES;
				GCC_WARN_ABOUT_RETURN_TYPE = YES_ERROR;
				GCC_WARN_UNDECLARED_SELECTOR = YES;
				GCC_WARN_UNINITIALIZED_AUTOS = YES_AGGRESSIVE;
				GCC_WARN_UNUSED_FUNCTION = YES;
				GCC_WARN_UNUSED_VARIABLE = YES;
				IPHONEOS_DEPLOYMENT_TARGET = 17.5;
				LOCALIZATION_PREFERS_STRING_CATALOGS = YES;
				MTL_ENABLE_DEBUG_INFO = INCLUDE_SOURCE;
				MTL_FAST_MATH = YES;
				ONLY_ACTIVE_ARCH = YES;
				SDKROOT = iphoneos;
				SWIFT_ACTIVE_COMPILATION_CONDITIONS = "DEBUG $(inherited)";
				SWIFT_OPTIMIZATION_LEVEL = "-Onone";
			};
			name = Debug;
		};
		B9721C602C2624EA0054EF1F /* Release */ = {
			isa = XCBuildConfiguration;
			buildSettings = {
				ALWAYS_SEARCH_USER_PATHS = NO;
				ASSETCATALOG_COMPILER_GENERATE_SWIFT_ASSET_SYMBOL_EXTENSIONS = YES;
				CLANG_ANALYZER_NONNULL = YES;
				CLANG_ANALYZER_NUMBER_OBJECT_CONVERSION = YES_AGGRESSIVE;
				CLANG_CXX_LANGUAGE_STANDARD = "gnu++20";
				CLANG_ENABLE_MODULES = YES;
				CLANG_ENABLE_OBJC_ARC = YES;
				CLANG_ENABLE_OBJC_WEAK = YES;
				CLANG_WARN_BLOCK_CAPTURE_AUTORELEASING = YES;
				CLANG_WARN_BOOL_CONVERSION = YES;
				CLANG_WARN_COMMA = YES;
				CLANG_WARN_CONSTANT_CONVERSION = YES;
				CLANG_WARN_DEPRECATED_OBJC_IMPLEMENTATIONS = YES;
				CLANG_WARN_DIRECT_OBJC_ISA_USAGE = YES_ERROR;
				CLANG_WARN_DOCUMENTATION_COMMENTS = YES;
				CLANG_WARN_EMPTY_BODY = YES;
				CLANG_WARN_ENUM_CONVERSION = YES;
				CLANG_WARN_INFINITE_RECURSION = YES;
				CLANG_WARN_INT_CONVERSION = YES;
				CLANG_WARN_NON_LITERAL_NULL_CONVERSION = YES;
				CLANG_WARN_OBJC_IMPLICIT_RETAIN_SELF = YES;
				CLANG_WARN_OBJC_LITERAL_CONVERSION = YES;
				CLANG_WARN_OBJC_ROOT_CLASS = YES_ERROR;
				CLANG_WARN_QUOTED_INCLUDE_IN_FRAMEWORK_HEADER = YES;
				CLANG_WARN_RANGE_LOOP_ANALYSIS = YES;
				CLANG_WARN_STRICT_PROTOTYPES = YES;
				CLANG_WARN_SUSPICIOUS_MOVE = YES;
				CLANG_WARN_UNGUARDED_AVAILABILITY = YES_AGGRESSIVE;
				CLANG_WARN_UNREACHABLE_CODE = YES;
				CLANG_WARN__DUPLICATE_METHOD_MATCH = YES;
				COPY_PHASE_STRIP = NO;
				DEBUG_INFORMATION_FORMAT = "dwarf-with-dsym";
				ENABLE_NS_ASSERTIONS = NO;
				ENABLE_STRICT_OBJC_MSGSEND = YES;
				ENABLE_USER_SCRIPT_SANDBOXING = YES;
				GCC_C_LANGUAGE_STANDARD = gnu17;
				GCC_NO_COMMON_BLOCKS = YES;
				GCC_WARN_64_TO_32_BIT_CONVERSION = YES;
				GCC_WARN_ABOUT_RETURN_TYPE = YES_ERROR;
				GCC_WARN_UNDECLARED_SELECTOR = YES;
				GCC_WARN_UNINITIALIZED_AUTOS = YES_AGGRESSIVE;
				GCC_WARN_UNUSED_FUNCTION = YES;
				GCC_WARN_UNUSED_VARIABLE = YES;
				IPHONEOS_DEPLOYMENT_TARGET = 17.5;
				LOCALIZATION_PREFERS_STRING_CATALOGS = YES;
				MTL_ENABLE_DEBUG_INFO = NO;
				MTL_FAST_MATH = YES;
				SDKROOT = iphoneos;
				SWIFT_COMPILATION_MODE = wholemodule;
				VALIDATE_PRODUCT = YES;
			};
			name = Release;
		};
		B9721C622C2624EA0054EF1F /* Debug */ = {
			isa = XCBuildConfiguration;
			buildSettings = {
				ASSETCATALOG_COMPILER_APPICON_NAME = AppIcon;
				ASSETCATALOG_COMPILER_GLOBAL_ACCENT_COLOR_NAME = AccentColor;
				CODE_SIGN_STYLE = Automatic;
				CURRENT_PROJECT_VERSION = 1;
				DEVELOPMENT_ASSET_PATHS = "\"Appetizers/Preview Content\"";
				DEVELOPMENT_TEAM = 4P62ZH6Q4N;
				ENABLE_PREVIEWS = YES;
				GENERATE_INFOPLIST_FILE = YES;
				INFOPLIST_KEY_UIApplicationSceneManifest_Generation = YES;
				INFOPLIST_KEY_UIApplicationSupportsIndirectInputEvents = YES;
				INFOPLIST_KEY_UILaunchScreen_Generation = YES;
				INFOPLIST_KEY_UISupportedInterfaceOrientations_iPad = "UIInterfaceOrientationPortrait UIInterfaceOrientationPortraitUpsideDown UIInterfaceOrientationLandscapeLeft UIInterfaceOrientationLandscapeRight";
				INFOPLIST_KEY_UISupportedInterfaceOrientations_iPhone = "UIInterfaceOrientationPortrait UIInterfaceOrientationLandscapeLeft UIInterfaceOrientationLandscapeRight";
				IPHONEOS_DEPLOYMENT_TARGET = 17.5;
				LD_RUNPATH_SEARCH_PATHS = (
					"$(inherited)",
					"@executable_path/Frameworks",
				);
				MARKETING_VERSION = 1.0;
				PRODUCT_BUNDLE_IDENTIFIER = com.constsalvador.Appetizers;
				PRODUCT_NAME = "$(TARGET_NAME)";
				SWIFT_EMIT_LOC_STRINGS = YES;
				SWIFT_VERSION = 5.0;
				TARGETED_DEVICE_FAMILY = "1,2";
			};
			name = Debug;
		};
		B9721C632C2624EA0054EF1F /* Release */ = {
			isa = XCBuildConfiguration;
			buildSettings = {
				ASSETCATALOG_COMPILER_APPICON_NAME = AppIcon;
				ASSETCATALOG_COMPILER_GLOBAL_ACCENT_COLOR_NAME = AccentColor;
				CODE_SIGN_STYLE = Automatic;
				CURRENT_PROJECT_VERSION = 1;
				DEVELOPMENT_ASSET_PATHS = "\"Appetizers/Preview Content\"";
				DEVELOPMENT_TEAM = 4P62ZH6Q4N;
				ENABLE_PREVIEWS = YES;
				GENERATE_INFOPLIST_FILE = YES;
				INFOPLIST_KEY_UIApplicationSceneManifest_Generation = YES;
				INFOPLIST_KEY_UIApplicationSupportsIndirectInputEvents = YES;
				INFOPLIST_KEY_UILaunchScreen_Generation = YES;
				INFOPLIST_KEY_UISupportedInterfaceOrientations_iPad = "UIInterfaceOrientationPortrait UIInterfaceOrientationPortraitUpsideDown UIInterfaceOrientationLandscapeLeft UIInterfaceOrientationLandscapeRight";
				INFOPLIST_KEY_UISupportedInterfaceOrientations_iPhone = "UIInterfaceOrientationPortrait UIInterfaceOrientationLandscapeLeft UIInterfaceOrientationLandscapeRight";
				IPHONEOS_DEPLOYMENT_TARGET = 17.5;
				LD_RUNPATH_SEARCH_PATHS = (
					"$(inherited)",
					"@executable_path/Frameworks",
				);
				MARKETING_VERSION = 1.0;
				PRODUCT_BUNDLE_IDENTIFIER = com.constsalvador.Appetizers;
				PRODUCT_NAME = "$(TARGET_NAME)";
				SWIFT_EMIT_LOC_STRINGS = YES;
				SWIFT_VERSION = 5.0;
				TARGETED_DEVICE_FAMILY = "1,2";
			};
			name = Release;
		};
/* End XCBuildConfiguration section */

/* Begin XCConfigurationList section */
		B9721C4E2C2624E90054EF1F /* Build configuration list for PBXProject "Appetizers" */ = {
			isa = XCConfigurationList;
			buildConfigurations = (
				B9721C5F2C2624EA0054EF1F /* Debug */,
				B9721C602C2624EA0054EF1F /* Release */,
			);
			defaultConfigurationIsVisible = 0;
			defaultConfigurationName = Release;
		};
		B9721C612C2624EA0054EF1F /* Build configuration list for PBXNativeTarget "Appetizers" */ = {
			isa = XCConfigurationList;
			buildConfigurations = (
				B9721C622C2624EA0054EF1F /* Debug */,
				B9721C632C2624EA0054EF1F /* Release */,
			);
			defaultConfigurationIsVisible = 0;
			defaultConfigurationName = Release;
		};
/* End XCConfigurationList section */
	};
	rootObject = B9721C4B2C2624E90054EF1F /* Project object */;
}
